
Microsoft Visual Studio Solution File, Format Version 12.00
# Visual Studio Version 17
VisualStudioVersion = 17.0.31717.71
MinimumVisualStudioVersion = 10.0.40219.1
Project("{FAE04EC0-301F-11D3-BF4B-00C04F79EFBC}") = "TotallySaf3pm", "TotallySaf3pm\TotallySaf3pm.csproj", "{AC68B5CC-2590-4E79-8378-3DF3CE459D3A}"
EndProject
Global
	GlobalSection(SolutionConfigurationPlatforms) = preSolution
		Debug|Any CPU = Debug|Any CPU
		Release|Any CPU = Release|Any CPU
	EndGlobalSection
	GlobalSection(ProjectConfigurationPlatforms) = postSolution
		{AC68B5CC-2590-4E79-8378-3DF3CE459D3A}.Debug|Any CPU.ActiveCfg = Debug|Any CPU
		{AC68B5CC-2590-4E79-8378-3DF3CE459D3A}.Debug|Any CPU.Build.0 = Debug|Any CPU
		{AC68B5CC-2590-4E79-8378-3DF3CE459D3A}.Release|Any CPU.ActiveCfg = Release|Any CPU
		{AC68B5CC-2590-4E79-8378-3DF3CE459D3A}.Release|Any CPU.Build.0 = Release|Any CPU
	EndGlobalSection
	GlobalSection(SolutionProperties) = preSolution
		HideSolutionNode = FALSE
	EndGlobalSection
	GlobalSection(ExtensibilityGlobals) = postSolution
		SolutionGuid = {EFC9AE39-E33A-4282-A9A6-4F52BA27C69B}
	EndGlobalSection
EndGlobal
